
Microsoft Visual Studio Solution File, Format Version 12.00
# Visual Studio Version 17
VisualStudioVersion = 17.4.33205.214
MinimumVisualStudioVersion = 10.0.40219.1
Project("{FAE04EC0-301F-11D3-BF4B-00C04F79EFBC}") = "Minesweeper", "Minesweeper\Minesweeper.csproj", "{BF763493-4B79-498B-817E-CC5650607302}"
EndProject
Global
	GlobalSection(SolutionConfigurationPlatforms) = preSolution
		Debug|Any CPU = Debug|Any CPU
		Release|Any CPU = Release|Any CPU
	EndGlobalSection
	GlobalSection(ProjectConfigurationPlatforms) = postSolution
		{BF763493-4B79-498B-817E-CC5650607302}.Debug|Any CPU.ActiveCfg = Debug|Any CPU
		{BF763493-4B79-498B-817E-CC5650607302}.Debug|Any CPU.Build.0 = Debug|Any CPU
		{BF763493-4B79-498B-817E-CC5650607302}.Release|Any CPU.ActiveCfg = Release|Any CPU
		{BF763493-4B79-498B-817E-CC5650607302}.Release|Any CPU.Build.0 = Release|Any CPU
	EndGlobalSection
	GlobalSection(SolutionProperties) = preSolution
		HideSolutionNode = FALSE
	EndGlobalSection
	GlobalSection(ExtensibilityGlobals) = postSolution
		SolutionGuid = {CE6489F9-232F-4F33-B209-04F4FBA81C49}
	EndGlobalSection
EndGlobal
